Microsoft Visual Studio Solution File, Format Version 12.00
# Visual Studio Version 16
VisualStudioVersion = 16.0.32002.261
MinimumVisualStudioVersion = 10.0.40219.1
Project("{9A19103F-16F7-4668-BE54-9A1E7A4F7556}") = "BlazorRepoEstoque", "BlazorRepoEstoque.csproj", "{B50EB6D2-9571-498D-B0BF-EC50862674A2}"
EndProject
Project("{FAE04EC0-301F-11D3-BF4B-00C04F79EFBC}") = "ReportViewer", "..\ReportViewer\ReportViewer.csproj", "{28CDB9F5-AD70-43F0-B51C-F8E5BA964C8E}"
EndProject
Global
	GlobalSection(SolutionConfigurationPlatforms) = preSolution
		Debug|Any CPU = Debug|Any CPU
		Release|Any CPU = Release|Any CPU
	EndGlobalSection
	GlobalSection(ProjectConfigurationPlatforms) = postSolution
		{B50EB6D2-9571-498D-B0BF-EC50862674A2}.Debug|Any CPU.ActiveCfg = Debug|Any CPU
		{B50EB6D2-9571-498D-B0BF-EC50862674A2}.Debug|Any CPU.Build.0 = Debug|Any CPU
		{B50EB6D2-9571-498D-B0BF-EC50862674A2}.Release|Any CPU.ActiveCfg = Release|Any CPU
		{B50EB6D2-9571-498D-B0BF-EC50862674A2}.Release|Any CPU.Build.0 = Release|Any CPU
		{28CDB9F5-AD70-43F0-B51C-F8E5BA964C8E}.Debug|Any CPU.ActiveCfg = Debug|Any CPU
		{28CDB9F5-AD70-43F0-B51C-F8E5BA964C8E}.Debug|Any CPU.Build.0 = Debug|Any CPU
		{28CDB9F5-AD70-43F0-B51C-F8E5BA964C8E}.Release|Any CPU.ActiveCfg = Release|Any CPU
		{28CDB9F5-AD70-43F0-B51C-F8E5BA964C8E}.Release|Any CPU.Build.0 = Release|Any CPU
	EndGlobalSection
	GlobalSection(SolutionProperties) = preSolution
		HideSolutionNode = FALSE
	EndGlobalSection
	GlobalSection(ExtensibilityGlobals) = postSolution
		SolutionGuid = {B9654CD7-3058-48B4-8982-DD8B2E3CA4CE}
	EndGlobalSection
EndGlobal
